
Microsoft Visual Studio Solution File, Format Version 12.00
# Visual Studio Version 16
VisualStudioVersion = 16.0.30804.86
MinimumVisualStudioVersion = 10.0.40219.1
Project("{FAE04EC0-301F-11D3-BF4B-00C04F79EFBC}") = "CRUDApplication", "CRUDApplication.csproj", "{EE561AF7-F23A-42AA-865C-F1E92E3D3CBB}"
EndProject
Global
	GlobalSection(SolutionConfigurationPlatforms) = preSolution
		Debug|Any CPU = Debug|Any CPU
		Release|Any CPU = Release|Any CPU
	EndGlobalSection
	GlobalSection(ProjectConfigurationPlatforms) = postSolution
		{EE561AF7-F23A-42AA-865C-F1E92E3D3CBB}.Debug|Any CPU.ActiveCfg = Debug|Any CPU
		{EE561AF7-F23A-42AA-865C-F1E92E3D3CBB}.Debug|Any CPU.Build.0 = Debug|Any CPU
		{EE561AF7-F23A-42AA-865C-F1E92E3D3CBB}.Release|Any CPU.ActiveCfg = Release|Any CPU
		{EE561AF7-F23A-42AA-865C-F1E92E3D3CBB}.Release|Any CPU.Build.0 = Release|Any CPU
	EndGlobalSection
	GlobalSection(SolutionProperties) = preSolution
		HideSolutionNode = FALSE
	EndGlobalSection
	GlobalSection(ExtensibilityGlobals) = postSolution
		SolutionGuid = {E97FAFA1-A26A-457A-B664-D4556203153F}
	EndGlobalSection
EndGlobal
